lockfileVersion: '9.0'

settings:
  autoInstallPeers: true
  excludeLinksFromLockfile: false

importers:

  .:
    dependencies:
      '@fontsource/ibm-plex-serif':
        specifier: ^5.1.0
        version: 5.2.5
      '@fontsource/inter':
        specifier: ^5.1.0
        version: 5.2.5
      '@tailwindcss/typography':
        specifier: ^0.5.0
        version: 0.5.16(tailwindcss@4.1.6)
      alpinejs:
        specifier: ^3.0.0
        version: 3.14.9
      tailwindcss:
        specifier: ^4.0.0
        version: 4.1.6
    devDependencies:
      prettier:
        specifier: ^3.4.2
        version: 3.5.3
      prettier-plugin-astro:
        specifier: ^0.14.1
        version: 0.14.1
      prettier-plugin-tailwindcss:
        specifier: ^0.6.11
        version: 0.6.11(prettier-plugin-astro@0.14.1)(prettier@3.5.3)

packages:

  '@astrojs/compiler@2.12.0':
    resolution: {integrity: sha512-7bCjW6tVDpUurQLeKBUN9tZ5kSv5qYrGmcn0sG0IwacL7isR2ZbyyA3AdZ4uxsuUFOS2SlgReTH7wkxO6zpqWA==}

  '@fontsource/ibm-plex-serif@5.2.5':
    resolution: {integrity: sha512-0YyDEmqIqlMnPF/k1974zAJWjM9FNCg0TIYa9z6+W4koPmYf5llcOv6pqZK19zE/MnNxAJW0K18i5TEJE841YQ==}

  '@fontsource/inter@5.2.5':
    resolution: {integrity: sha512-kbsPKj0S4p44JdYRFiW78Td8Ge2sBVxi/PIBwmih+RpSXUdvS9nbs1HIiuUSPtRMi14CqLEZ/fbk7dj7vni1Sg==}

  '@tailwindcss/typography@0.5.16':
    resolution: {integrity: sha512-0wDLwCVF5V3x3b1SGXPCDcdsbDHMBe+lkFzBRaHeLvNi+nrrnZ1lA18u+OTWO8iSWU2GxUOCvlXtDuqftc1oiA==}
    peerDependencies:
      tailwindcss: '>=3.0.0 || insiders || >=4.0.0-alpha.20 || >=4.0.0-beta.1'

  '@vue/reactivity@3.1.5':
    resolution: {integrity: sha512-1tdfLmNjWG6t/CsPldh+foumYFo3cpyCHgBYQ34ylaMsJ+SNHQ1kApMIa8jN+i593zQuaw3AdWH0nJTARzCFhg==}

  '@vue/shared@3.1.5':
    resolution: {integrity: sha512-oJ4F3TnvpXaQwZJNF3ZK+kLPHKarDmJjJ6jyzVNDKH9md1dptjC7lWR//jrGuLdek/U6iltWxqAnYOu8gCiOvA==}

  alpinejs@3.14.9:
    resolution: {integrity: sha512-gqSOhTEyryU9FhviNqiHBHzgjkvtukq9tevew29fTj+ofZtfsYriw4zPirHHOAy9bw8QoL3WGhyk7QqCh5AYlw==}

  cssesc@3.0.0:
    resolution: {integrity: sha512-/Tb/JcjK111nNScGob5MNtsntNM1aCNUDipB/TkwZFhyDrrE47SOx/18wF2bbjgc3ZzCSKW1T5nt5EbFoAz/Vg==}
    engines: {node: '>=4'}
    hasBin: true

  lodash.castarray@4.4.0:
    resolution: {integrity: sha512-aVx8ztPv7/2ULbArGJ2Y42bG1mEQ5mGjpdvrbJcJFU3TbYybe+QlLS4pst9zV52ymy2in1KpFPiZnAOATxD4+Q==}

  lodash.isplainobject@4.0.6:
    resolution: {integrity: sha512-oSXzaWypCMHkPC3NvBEaPHf0KsA5mvPrOPgQWDsbg8n7orZ290M0BmC/jgRZ4vcJ6DTAhjrsSYgdsW/F+MFOBA==}

  lodash.merge@4.6.2:
    resolution: {integrity: sha512-0KpjqXRVvrYyCsX1swR/XTK0va6VQkQM6MNo7PqW77ByjAhoARA8EfrP1N4+KlKj8YS0ZUCtRT/YUuhyYDujIQ==}

  postcss-selector-parser@6.0.10:
    resolution: {integrity: sha512-IQ7TZdoaqbT+LCpShg46jnZVlhWD2w6iQYAcYXfHARZ7X1t/UGhhceQDs5X0cGqKvYlHNOuv7Oa1xmb0oQuA3w==}
    engines: {node: '>=4'}

  prettier-plugin-astro@0.14.1:
    resolution: {integrity: sha512-RiBETaaP9veVstE4vUwSIcdATj6dKmXljouXc/DDNwBSPTp8FRkLGDSGFClKsAFeeg+13SB0Z1JZvbD76bigJw==}
    engines: {node: ^14.15.0 || >=16.0.0}

  prettier-plugin-tailwindcss@0.6.11:
    resolution: {integrity: sha512-YxaYSIvZPAqhrrEpRtonnrXdghZg1irNg4qrjboCXrpybLWVs55cW2N3juhspVJiO0JBvYJT8SYsJpc8OQSnsA==}
    engines: {node: '>=14.21.3'}
    peerDependencies:
      '@ianvs/prettier-plugin-sort-imports': '*'
      '@prettier/plugin-pug': '*'
      '@shopify/prettier-plugin-liquid': '*'
      '@trivago/prettier-plugin-sort-imports': '*'
      '@zackad/prettier-plugin-twig': '*'
      prettier: ^3.0
      prettier-plugin-astro: '*'
      prettier-plugin-css-order: '*'
      prettier-plugin-import-sort: '*'
      prettier-plugin-jsdoc: '*'
      prettier-plugin-marko: '*'
      prettier-plugin-multiline-arrays: '*'
      prettier-plugin-organize-attributes: '*'
      prettier-plugin-organize-imports: '*'
      prettier-plugin-sort-imports: '*'
      prettier-plugin-style-order: '*'
      prettier-plugin-svelte: '*'
    peerDependenciesMeta:
      '@ianvs/prettier-plugin-sort-imports':
        optional: true
      '@prettier/plugin-pug':
        optional: true
      '@shopify/prettier-plugin-liquid':
        optional: true
      '@trivago/prettier-plugin-sort-imports':
        optional: true
      '@zackad/prettier-plugin-twig':
        optional: true
      prettier-plugin-astro:
        optional: true
      prettier-plugin-css-order:
        optional: true
      prettier-plugin-import-sort:
        optional: true
      prettier-plugin-jsdoc:
        optional: true
      prettier-plugin-marko:
        optional: true
      prettier-plugin-multiline-arrays:
        optional: true
      prettier-plugin-organize-attributes:
        optional: true
      prettier-plugin-organize-imports:
        optional: true
      prettier-plugin-sort-imports:
        optional: true
      prettier-plugin-style-order:
        optional: true
      prettier-plugin-svelte:
        optional: true

  prettier@3.5.3:
    resolution: {integrity: sha512-QQtaxnoDJeAkDvDKWCLiwIXkTgRhwYDEQCghU9Z6q03iyek/rxRh/2lC3HB7P8sWT2xC/y5JDctPLBIGzHKbhw==}
    engines: {node: '>=14'}
    hasBin: true

  s.color@0.0.15:
    resolution: {integrity: sha512-AUNrbEUHeKY8XsYr/DYpl+qk5+aM+DChopnWOPEzn8YKzOhv4l2zH6LzZms3tOZP3wwdOyc0RmTciyi46HLIuA==}

  sass-formatter@0.7.9:
    resolution: {integrity: sha512-CWZ8XiSim+fJVG0cFLStwDvft1VI7uvXdCNJYXhDvowiv+DsbD1nXLiQ4zrE5UBvj5DWZJ93cwN0NX5PMsr1Pw==}

  suf-log@2.5.3:
    resolution: {integrity: sha512-KvC8OPjzdNOe+xQ4XWJV2whQA0aM1kGVczMQ8+dStAO6KfEB140JEVQ9dE76ONZ0/Ylf67ni4tILPJB41U0eow==}

  tailwindcss@4.1.6:
    resolution: {integrity: sha512-j0cGLTreM6u4OWzBeLBpycK0WIh8w7kSwcUsQZoGLHZ7xDTdM69lN64AgoIEEwFi0tnhs4wSykUa5YWxAzgFYg==}

  util-deprecate@1.0.2:
    resolution: {integrity: sha512-EPD5q1uXyFxJpCrLnCc1nHnq3gOa6DZBocAIiI2TaSCA7VCJ1UJDMagCzIkXNsUYfD1daK//LTEQ8xiIbrHtcw==}

snapshots:

  '@astrojs/compiler@2.12.0': {}

  '@fontsource/ibm-plex-serif@5.2.5': {}

  '@fontsource/inter@5.2.5': {}

  '@tailwindcss/typography@0.5.16(tailwindcss@4.1.6)':
    dependencies:
      lodash.castarray: 4.4.0
      lodash.isplainobject: 4.0.6
      lodash.merge: 4.6.2
      postcss-selector-parser: 6.0.10
      tailwindcss: 4.1.6

  '@vue/reactivity@3.1.5':
    dependencies:
      '@vue/shared': 3.1.5

  '@vue/shared@3.1.5': {}

  alpinejs@3.14.9:
    dependencies:
      '@vue/reactivity': 3.1.5

  cssesc@3.0.0: {}

  lodash.castarray@4.4.0: {}

  lodash.isplainobject@4.0.6: {}

  lodash.merge@4.6.2: {}

  postcss-selector-parser@6.0.10:
    dependencies:
      cssesc: 3.0.0
      util-deprecate: 1.0.2

  prettier-plugin-astro@0.14.1:
    dependencies:
      '@astrojs/compiler': 2.12.0
      prettier: 3.5.3
      sass-formatter: 0.7.9

  prettier-plugin-tailwindcss@0.6.11(prettier-plugin-astro@0.14.1)(prettier@3.5.3):
    dependencies:
      prettier: 3.5.3
    optionalDependencies:
      prettier-plugin-astro: 0.14.1

  prettier@3.5.3: {}

  s.color@0.0.15: {}

  sass-formatter@0.7.9:
    dependencies:
      suf-log: 2.5.3

  suf-log@2.5.3:
    dependencies:
      s.color: 0.0.15

  tailwindcss@4.1.6: {}

  util-deprecate@1.0.2: {}
